{
  "name": "auth-state-cleanup",
  "version": "1.0.0",
  "lockfileVersion": 2,
  "requires": true,
  "packages": {
    "": {
      "name": "auth-state-cleanup",
      "version": "1.0.0",
      "license": "MIT",
      "dependencies": {
        "postgres": "^3.3.3"
      },
      "engines": {
        "node": ">=16.16.0"
      }
    },
    "node_modules/postgres": {
      "version": "3.3.3",
      "resolved": "https://registry.npmjs.org/postgres/-/postgres-3.3.3.tgz",
      "integrity": "sha512-FGLZOpZSXePRIQu6LJpJUDikzuhplWI80uyyfmKBiljpfO+Z4nuClwpq3/dsRnitxVDsgFN5duJ7eUTaC0meQQ==",
      "funding": {
        "type": "individual",
        "url": "https://github.com/sponsors/porsager"
      }
    }
  },
  "dependencies": {
    "postgres": {
      "version": "3.3.3",
      "resolved": "https://registry.npmjs.org/postgres/-/postgres-3.3.3.tgz",
      "integrity": "sha512-FGLZOpZSXePRIQu6LJpJUDikzuhplWI80uyyfmKBiljpfO+Z4nuClwpq3/dsRnitxVDsgFN5duJ7eUTaC0meQQ=="
    }
  }
}
